
Microsoft Visual Studio Solution File, Format Version 12.00
# Visual Studio 14
VisualStudioVersion = 14.0.23107.0
MinimumVisualStudioVersion = 10.0.40219.1
Project("{FAE04EC0-301F-11D3-BF4B-00C04F79EFBC}") = "VirApp", "VirApp\VirApp.csproj", "{A7363D0F-051B-4940-B2E3-7B4E02F03E54}"
EndProject
Global
	GlobalSection(SolutionConfigurationPlatforms) = preSolution
		Debug|Any CPU = Debug|Any CPU
		Release|Any CPU = Release|Any CPU
	EndGlobalSection
	GlobalSection(ProjectConfigurationPlatforms) = postSolution
		{A7363D0F-051B-4940-B2E3-7B4E02F03E54}.Debug|Any CPU.ActiveCfg = Debug|Any CPU
		{A7363D0F-051B-4940-B2E3-7B4E02F03E54}.Debug|Any CPU.Build.0 = Debug|Any CPU
		{A7363D0F-051B-4940-B2E3-7B4E02F03E54}.Release|Any CPU.ActiveCfg = Release|Any CPU
		{A7363D0F-051B-4940-B2E3-7B4E02F03E54}.Release|Any CPU.Build.0 = Release|Any CPU
	EndGlobalSection
	GlobalSection(SolutionProperties) = preSolution
		HideSolutionNode = FALSE
	EndGlobalSection
EndGlobal
